{
  "name": "cloud-native-pizza-ovens-backend",
  "version": "1.0.0",
  "lockfileVersion": 3,
  "requires": true,
  "packages": {
    "": {
      "name": "cloud-native-pizza-ovens-backend",
      "version": "1.0.0",
      "license": "ISC",
      "dependencies": {
        "typescript": "^5.9.2",
        "y-websocket": "^3.0.0"
      },
      "devDependencies": {
        "@types/node": "^24.2.1",
        "@types/ws": "^8.18.1",
        "tsc": "^2.0.4"
      }
    },
    "node_modules/@types/node": {
      "version": "24.2.1",
      "resolved": "https://registry.npmjs.org/@types/node/-/node-24.2.1.tgz",
      "integrity": "sha512-DRh5K+ka5eJic8CjH7td8QpYEV6Zo10gfRkjHCO3weqZHWDtAaSTFtl4+VMqOJ4N5jcuhZ9/l+yy8rVgw7BQeQ==",
      "dev": true,
      "license": "MIT",
      "dependencies": {
        "undici-types": "~7.10.0"
      }
    },
    "node_modules/@types/ws": {
      "version": "8.18.1",
      "resolved": "https://registry.npmjs.org/@types/ws/-/ws-8.18.1.tgz",
      "integrity": "sha512-ThVF6DCVhA8kUGy+aazFQ4kXQ7E1Ty7A3ypFOe0IcJV8O/M511G99AW24irKrW56Wt44yG9+ij8FaqoBGkuBXg==",
      "dev": true,
      "license": "MIT",
      "dependencies": {
        "@types/node": "*"
      }
    },
    "node_modules/isomorphic.js": {
      "version": "0.2.5",
      "resolved": "https://registry.npmjs.org/isomorphic.js/-/isomorphic.js-0.2.5.tgz",
      "integrity": "sha512-PIeMbHqMt4DnUP3MA/Flc0HElYjMXArsw1qwJZcm9sqR8mq3l8NYizFMty0pWwE/tzIGH3EKK5+jes5mAr85yw==",
      "license": "MIT",
      "funding": {
        "type": "GitHub Sponsors ❤",
        "url": "https://github.com/sponsors/dmonad"
      }
    },
    "node_modules/lib0": {
      "version": "0.2.114",
      "resolved": "https://registry.npmjs.org/lib0/-/lib0-0.2.114.tgz",
      "integrity": "sha512-gcxmNFzA4hv8UYi8j43uPlQ7CGcyMJ2KQb5kZASw6SnAKAf10hK12i2fjrS3Cl/ugZa5Ui6WwIu1/6MIXiHttQ==",
      "license": "MIT",
      "dependencies": {
        "isomorphic.js": "^0.2.4"
      },
      "bin": {
        "0ecdsa-generate-keypair": "bin/0ecdsa-generate-keypair.js",
        "0gentesthtml": "bin/gentesthtml.js",
        "0serve": "bin/0serve.js"
      },
      "engines": {
        "node": ">=16"
      },
      "funding": {
        "type": "GitHub Sponsors ❤",
        "url": "https://github.com/sponsors/dmonad"
      }
    },
    "node_modules/tsc": {
      "version": "2.0.4",
      "resolved": "https://registry.npmjs.org/tsc/-/tsc-2.0.4.tgz",
      "integrity": "sha512-fzoSieZI5KKJVBYGvwbVZs/J5za84f2lSTLPYf6AGiIf43tZ3GNrI1QzTLcjtyDDP4aLxd46RTZq1nQxe7+k5Q==",
      "dev": true,
      "license": "MIT",
      "bin": {
        "tsc": "bin/tsc"
      }
    },
    "node_modules/typescript": {
      "version": "5.9.2",
      "resolved": "https://registry.npmjs.org/typescript/-/typescript-5.9.2.tgz",
      "integrity": "sha512-CWBzXQrc/qOkhidw1OzBTQuYRbfyxDXJMVJ1XNwUHGROVmuaeiEm3OslpZ1RV96d7SKKjZKrSJu3+t/xlw3R9A==",
      "license": "Apache-2.0",
      "bin": {
        "tsc": "bin/tsc",
        "tsserver": "bin/tsserver"
      },
      "engines": {
        "node": ">=14.17"
      }
    },
    "node_modules/undici-types": {
      "version": "7.10.0",
      "resolved": "https://registry.npmjs.org/undici-types/-/undici-types-7.10.0.tgz",
      "integrity": "sha512-t5Fy/nfn+14LuOc2KNYg75vZqClpAiqscVvMygNnlsHBFpSXdJaYtXMcdNLpl/Qvc3P2cB3s6lOV51nqsFq4ag==",
      "dev": true,
      "license": "MIT"
    },
    "node_modules/y-protocols": {
      "version": "1.0.6",
      "resolved": "https://registry.npmjs.org/y-protocols/-/y-protocols-1.0.6.tgz",
      "integrity": "sha512-vHRF2L6iT3rwj1jub/K5tYcTT/mEYDUppgNPXwp8fmLpui9f7Yeq3OEtTLVF012j39QnV+KEQpNqoN7CWU7Y9Q==",
      "license": "MIT",
      "dependencies": {
        "lib0": "^0.2.85"
      },
      "engines": {
        "node": ">=16.0.0",
        "npm": ">=8.0.0"
      },
      "funding": {
        "type": "GitHub Sponsors ❤",
        "url": "https://github.com/sponsors/dmonad"
      },
      "peerDependencies": {
        "yjs": "^13.0.0"
      }
    },
    "node_modules/y-websocket": {
      "version": "3.0.0",
      "resolved": "https://registry.npmjs.org/y-websocket/-/y-websocket-3.0.0.tgz",
      "integrity": "sha512-mUHy7AzkOZ834T/7piqtlA8Yk6AchqKqcrCXjKW8J1w2lPtRDjz8W5/CvXz9higKAHgKRKqpI3T33YkRFLkPtg==",
      "license": "MIT",
      "dependencies": {
        "lib0": "^0.2.102",
        "y-protocols": "^1.0.5"
      },
      "engines": {
        "node": ">=16.0.0",
        "npm": ">=8.0.0"
      },
      "funding": {
        "type": "GitHub Sponsors ❤",
        "url": "https://github.com/sponsors/dmonad"
      },
      "peerDependencies": {
        "yjs": "^13.5.6"
      }
    },
    "node_modules/yjs": {
      "version": "13.6.27",
      "resolved": "https://registry.npmjs.org/yjs/-/yjs-13.6.27.tgz",
      "integrity": "sha512-OIDwaflOaq4wC6YlPBy2L6ceKeKuF7DeTxx+jPzv1FHn9tCZ0ZwSRnUBxD05E3yed46fv/FWJbvR+Ud7x0L7zw==",
      "license": "MIT",
      "peer": true,
      "dependencies": {
        "lib0": "^0.2.99"
      },
      "engines": {
        "node": ">=16.0.0",
        "npm": ">=8.0.0"
      },
      "funding": {
        "type": "GitHub Sponsors ❤",
        "url": "https://github.com/sponsors/dmonad"
      }
    }
  }
}
